
Microsoft Visual Studio Solution File, Format Version 12.00
# Visual Studio Version 17
VisualStudioVersion = 17.0.31903.59
MinimumVisualStudioVersion = 10.0.40219.1
Project("{9A19103F-16F7-4668-BE54-9A1E7A4F7556}") = "Keszprojekt", "Keszprojekt\Keszprojekt.csproj", "{C47983F8-2AA9-4DCA-B18F-284109B98F81}"
EndProject
Global
	GlobalSection(SolutionConfigurationPlatforms) = preSolution
		Debug|Any CPU = Debug|Any CPU
		Release|Any CPU = Release|Any CPU
	EndGlobalSection
	GlobalSection(ProjectConfigurationPlatforms) = postSolution
		{C47983F8-2AA9-4DCA-B18F-284109B98F81}.Debug|Any CPU.ActiveCfg = Debug|Any CPU
		{C47983F8-2AA9-4DCA-B18F-284109B98F81}.Debug|Any CPU.Build.0 = Debug|Any CPU
		{C47983F8-2AA9-4DCA-B18F-284109B98F81}.Release|Any CPU.ActiveCfg = Release|Any CPU
		{C47983F8-2AA9-4DCA-B18F-284109B98F81}.Release|Any CPU.Build.0 = Release|Any CPU
	EndGlobalSection
	GlobalSection(SolutionProperties) = preSolution
		HideSolutionNode = FALSE
	EndGlobalSection
	GlobalSection(ExtensibilityGlobals) = postSolution
		SolutionGuid = {C6C7110A-B0BE-4340-80FB-89A0420C4169}
	EndGlobalSection
EndGlobal
